
Microsoft Visual Studio Solution File, Format Version 12.00
# Visual Studio Version 17
VisualStudioVersion = 17.11.35327.3
MinimumVisualStudioVersion = 10.0.40219.1
Project("{FAE04EC0-301F-11D3-BF4B-00C04F79EFBC}") = "MyConsoleApp", "MyConsoleApp\MyConsoleApp.csproj", "{E522E58A-D4C1-40BB-ADD7-54DC2CEEA546}"
EndProject
Project("{FAE04EC0-301F-11D3-BF4B-00C04F79EFBC}") = "MyLibrary", "MyLibrary\MyLibrary.csproj", "{277EFEAA-5839-49DE-BE74-60459531D0C8}"
EndProject
Global
	GlobalSection(SolutionConfigurationPlatforms) = preSolution
		Debug|Any CPU = Debug|Any CPU
		Release|Any CPU = Release|Any CPU
	EndGlobalSection
	GlobalSection(ProjectConfigurationPlatforms) = postSolution
		{E522E58A-D4C1-40BB-ADD7-54DC2CEEA546}.Debug|Any CPU.ActiveCfg = Debug|Any CPU
		{E522E58A-D4C1-40BB-ADD7-54DC2CEEA546}.Debug|Any CPU.Build.0 = Debug|Any CPU
		{E522E58A-D4C1-40BB-ADD7-54DC2CEEA546}.Release|Any CPU.ActiveCfg = Release|Any CPU
		{E522E58A-D4C1-40BB-ADD7-54DC2CEEA546}.Release|Any CPU.Build.0 = Release|Any CPU
		{277EFEAA-5839-49DE-BE74-60459531D0C8}.Debug|Any CPU.ActiveCfg = Debug|Any CPU
		{277EFEAA-5839-49DE-BE74-60459531D0C8}.Debug|Any CPU.Build.0 = Debug|Any CPU
		{277EFEAA-5839-49DE-BE74-60459531D0C8}.Release|Any CPU.ActiveCfg = Release|Any CPU
		{277EFEAA-5839-49DE-BE74-60459531D0C8}.Release|Any CPU.Build.0 = Release|Any CPU
	EndGlobalSection
	GlobalSection(SolutionProperties) = preSolution
		HideSolutionNode = FALSE
	EndGlobalSection
	GlobalSection(ExtensibilityGlobals) = postSolution
		SolutionGuid = {85D99C13-DF81-42AD-B9E2-604C05C54A03}
	EndGlobalSection
EndGlobal
